// !$*UTF8*$!
{
	archiveVersion = 1;
	classes = {
	};
	objectVersion = 50;
	objects = {

/* Begin PBXBuildFile section */
		3B61A9B423A713E900F98A6B /* main.cpp in Sources */ = {isa = PBXBuildFile; fileRef = 3B61A9B323A713E900F98A6B /* main.cpp */; };
		3B61A9C423A7158300F98A6B /* test-env.cpp in Sources */ = {isa = PBXBuildFile; fileRef = 3B61A9C323A7158300F98A6B /* test-env.cpp */; };
		3B6E467723A79B7B00EEC550 /* libglfw.dylib in Frameworks */ = {isa = PBXBuildFile; fileRef = 3B6E467623A79B7B00EEC550 /* libglfw.dylib */; };
		3B6E467B23A79B9900EEC550 /* libfmt.a in Frameworks */ = {isa = PBXBuildFile; fileRef = 3B6E467A23A79B9500EEC550 /* libfmt.a */; };
		3B6E467D23A79BB100EEC550 /* libOpenMeshCore.a in Frameworks */ = {isa = PBXBuildFile; fileRef = 3B6E467C23A79BAE00EEC550 /* libOpenMeshCore.a */; };
		3B6E468A23A79EF200EEC550 /* Utils.cpp in Sources */ = {isa = PBXBuildFile; fileRef = 3B6E468823A79EF200EEC550 /* Utils.cpp */; };
		3B6E468D23A7A03A00EEC550 /* VertexBuffer.cpp in Sources */ = {isa = PBXBuildFile; fileRef = 3B6E468B23A7A03A00EEC550 /* VertexBuffer.cpp */; };
		3B6E469023A7A31F00EEC550 /* IndexBuffer.cpp in Sources */ = {isa = PBXBuildFile; fileRef = 3B6E468E23A7A31F00EEC550 /* IndexBuffer.cpp */; };
		3B6E469123A7AA2600EEC550 /* OpenGL.framework in Frameworks */ = {isa = PBXBuildFile; fileRef = 3B61A9BB23A7142400F98A6B /* OpenGL.framework */; };
		3B6E469223A7AA2B00EEC550 /* GLUT.framework in Frameworks */ = {isa = PBXBuildFile; fileRef = 3B61A9BD23A7142D00F98A6B /* GLUT.framework */; };
		3B6E469523A7B9A000EEC550 /* VertexArray.cpp in Sources */ = {isa = PBXBuildFile; fileRef = 3B6E469323A7B9A000EEC550 /* VertexArray.cpp */; };
		3B6E469823A7BA6400EEC550 /* VertexBufferLayout.cpp in Sources */ = {isa = PBXBuildFile; fileRef = 3B6E469623A7BA6400EEC550 /* VertexBufferLayout.cpp */; };
		3B6E469B23A7C83D00EEC550 /* Shader.cpp in Sources */ = {isa = PBXBuildFile; fileRef = 3B6E469923A7C83D00EEC550 /* Shader.cpp */; };
		3B6E469E23A7DA5F00EEC550 /* Renderer.cpp in Sources */ = {isa = PBXBuildFile; fileRef = 3B6E469C23A7DA5F00EEC550 /* Renderer.cpp */; };
		3B6E46A223A7E23300EEC550 /* glad.c in Sources */ = {isa = PBXBuildFile; fileRef = 3B6E46A123A7E23300EEC550 /* glad.c */; };
		3B6E46A423A7E2A200EEC550 /* stb_image.c in Sources */ = {isa = PBXBuildFile; fileRef = 3B6E46A323A7E2A200EEC550 /* stb_image.c */; };
		3B6E46A723A7E31800EEC550 /* Texture.cpp in Sources */ = {isa = PBXBuildFile; fileRef = 3B6E46A523A7E31800EEC550 /* Texture.cpp */; };
		3BA353B623A77B6B009A6709 /* test-openmesh.cpp in Sources */ = {isa = PBXBuildFile; fileRef = 3BA353B523A77B6B009A6709 /* test-openmesh.cpp */; };
/* End PBXBuildFile section */

/* Begin PBXCopyFilesBuildPhase section */
		3B61A9AE23A713E800F98A6B /* CopyFiles */ = {
			isa = PBXCopyFilesBuildPhase;
			buildActionMask = 2147483647;
			dstPath = /usr/share/man/man1/;
			dstSubfolderSpec = 0;
			files = (
			);
			runOnlyForDeploymentPostprocessing = 1;
		};
/* End PBXCopyFilesBuildPhase section */

/* Begin PBXFileReference section */
		3B61A9B023A713E800F98A6B /* opengl-bunny */ = {isa = PBXFileReference; explicitFileType = "compiled.mach-o.executable"; includeInIndex = 0; path = "opengl-bunny"; sourceTree = BUILT_PRODUCTS_DIR; };
		3B61A9B323A713E900F98A6B /* main.cpp */ = {isa = PBXFileReference; lastKnownFileType = sourcecode.cpp.cpp; path = main.cpp; sourceTree = "<group>"; };
		3B61A9BB23A7142400F98A6B /* OpenGL.framework */ = {isa = PBXFileReference; lastKnownFileType = wrapper.framework; name = OpenGL.framework; path = System/Library/Frameworks/OpenGL.framework; sourceTree = SDKROOT; };
		3B61A9BD23A7142D00F98A6B /* GLUT.framework */ = {isa = PBXFileReference; lastKnownFileType = wrapper.framework; name = GLUT.framework; path = System/Library/Frameworks/GLUT.framework; sourceTree = SDKROOT; };
		3B61A9BF23A7147C00F98A6B /* libOpenMeshCore.8.0.dylib */ = {isa = PBXFileReference; lastKnownFileType = "compiled.mach-o.dylib"; name = libOpenMeshCore.8.0.dylib; path = "../../../../usr/local/Cellar/open-mesh/8.0/lib/libOpenMeshCore.8.0.dylib"; sourceTree = "<group>"; };
		3B61A9C123A7149C00F98A6B /* libOpenMeshCore.a */ = {isa = PBXFileReference; lastKnownFileType = archive.ar; name = libOpenMeshCore.a; path = "../../../../usr/local/Cellar/open-mesh/8.0/lib/libOpenMeshCore.a"; sourceTree = "<group>"; };
		3B61A9C323A7158300F98A6B /* test-env.cpp */ = {isa = PBXFileReference; lastKnownFileType = sourcecode.cpp.cpp; path = "test-env.cpp"; sourceTree = "<group>"; };
		3B61A9C523A75C9500F98A6B /* libglfw.3.3.dylib */ = {isa = PBXFileReference; lastKnownFileType = "compiled.mach-o.dylib"; name = libglfw.3.3.dylib; path = ../../../../usr/local/Cellar/glfw/3.3/lib/libglfw.3.3.dylib; sourceTree = "<group>"; };
		3B6E467323A7838A00EEC550 /* libfmt.a */ = {isa = PBXFileReference; lastKnownFileType = archive.ar; name = libfmt.a; path = ../../../../usr/local/Cellar/fmt/6.1.2/lib/libfmt.a; sourceTree = "<group>"; };
		3B6E467623A79B7B00EEC550 /* libglfw.dylib */ = {isa = PBXFileReference; lastKnownFileType = "compiled.mach-o.dylib"; name = libglfw.dylib; path = ../../../../usr/local/lib/libglfw.dylib; sourceTree = "<group>"; };
		3B6E467A23A79B9500EEC550 /* libfmt.a */ = {isa = PBXFileReference; lastKnownFileType = archive.ar; name = libfmt.a; path = ../../../../usr/local/lib/libfmt.a; sourceTree = "<group>"; };
		3B6E467C23A79BAE00EEC550 /* libOpenMeshCore.a */ = {isa = PBXFileReference; lastKnownFileType = archive.ar; name = libOpenMeshCore.a; path = ../../../../usr/local/lib/libOpenMeshCore.a; sourceTree = "<group>"; };
		3B6E468823A79EF200EEC550 /* Utils.cpp */ = {isa = PBXFileReference; lastKnownFileType = sourcecode.cpp.cpp; path = Utils.cpp; sourceTree = "<group>"; };
		3B6E468923A79EF200EEC550 /* Utils.hpp */ = {isa = PBXFileReference; lastKnownFileType = sourcecode.cpp.h; path = Utils.hpp; sourceTree = "<group>"; };
		3B6E468B23A7A03A00EEC550 /* VertexBuffer.cpp */ = {isa = PBXFileReference; lastKnownFileType = sourcecode.cpp.cpp; path = VertexBuffer.cpp; sourceTree = "<group>"; };
		3B6E468C23A7A03A00EEC550 /* VertexBuffer.hpp */ = {isa = PBXFileReference; lastKnownFileType = sourcecode.cpp.h; path = VertexBuffer.hpp; sourceTree = "<group>"; };
		3B6E468E23A7A31F00EEC550 /* IndexBuffer.cpp */ = {isa = PBXFileReference; lastKnownFileType = sourcecode.cpp.cpp; path = IndexBuffer.cpp; sourceTree = "<group>"; };
		3B6E468F23A7A31F00EEC550 /* IndexBuffer.hpp */ = {isa = PBXFileReference; lastKnownFileType = sourcecode.cpp.h; path = IndexBuffer.hpp; sourceTree = "<group>"; };
		3B6E469323A7B9A000EEC550 /* VertexArray.cpp */ = {isa = PBXFileReference; lastKnownFileType = sourcecode.cpp.cpp; path = VertexArray.cpp; sourceTree = "<group>"; };
		3B6E469423A7B9A000EEC550 /* VertexArray.hpp */ = {isa = PBXFileReference; lastKnownFileType = sourcecode.cpp.h; path = VertexArray.hpp; sourceTree = "<group>"; };
		3B6E469623A7BA6400EEC550 /* VertexBufferLayout.cpp */ = {isa = PBXFileReference; lastKnownFileType = sourcecode.cpp.cpp; path = VertexBufferLayout.cpp; sourceTree = "<group>"; };
		3B6E469723A7BA6400EEC550 /* VertexBufferLayout.hpp */ = {isa = PBXFileReference; lastKnownFileType = sourcecode.cpp.h; path = VertexBufferLayout.hpp; sourceTree = "<group>"; };
		3B6E469923A7C83D00EEC550 /* Shader.cpp */ = {isa = PBXFileReference; lastKnownFileType = sourcecode.cpp.cpp; path = Shader.cpp; sourceTree = "<group>"; };
		3B6E469A23A7C83D00EEC550 /* Shader.hpp */ = {isa = PBXFileReference; lastKnownFileType = sourcecode.cpp.h; path = Shader.hpp; sourceTree = "<group>"; };
		3B6E469C23A7DA5F00EEC550 /* Renderer.cpp */ = {isa = PBXFileReference; lastKnownFileType = sourcecode.cpp.cpp; path = Renderer.cpp; sourceTree = "<group>"; };
		3B6E469D23A7DA5F00EEC550 /* Renderer.hpp */ = {isa = PBXFileReference; lastKnownFileType = sourcecode.cpp.h; path = Renderer.hpp; sourceTree = "<group>"; };
		3B6E46A023A7E21600EEC550 /* stb_image.h */ = {isa = PBXFileReference; lastKnownFileType = sourcecode.c.h; path = stb_image.h; sourceTree = "<group>"; };
		3B6E46A123A7E23300EEC550 /* glad.c */ = {isa = PBXFileReference; lastKnownFileType = sourcecode.c.c; path = glad.c; sourceTree = "<group>"; };
		3B6E46A323A7E2A200EEC550 /* stb_image.c */ = {isa = PBXFileReference; lastKnownFileType = sourcecode.c.c; path = stb_image.c; sourceTree = "<group>"; };
		3B6E46A523A7E31800EEC550 /* Texture.cpp */ = {isa = PBXFileReference; lastKnownFileType = sourcecode.cpp.cpp; path = Texture.cpp; sourceTree = "<group>"; };
		3B6E46A623A7E31800EEC550 /* Texture.hpp */ = {isa = PBXFileReference; lastKnownFileType = sourcecode.cpp.h; path = Texture.hpp; sourceTree = "<group>"; };
		3BA353B323A7789D009A6709 /* basic.shader */ = {isa = PBXFileReference; lastKnownFileType = text; path = basic.shader; sourceTree = "<group>"; };
		3BA353B523A77B6B009A6709 /* test-openmesh.cpp */ = {isa = PBXFileReference; lastKnownFileType = sourcecode.cpp.cpp; path = "test-openmesh.cpp"; sourceTree = "<group>"; };
/* End PBXFileReference section */

/* Begin PBXFrameworksBuildPhase section */
		3B61A9AD23A713E800F98A6B /* Frameworks */ = {
			isa = PBXFrameworksBuildPhase;
			buildActionMask = 2147483647;
			files = (
				3B6E467B23A79B9900EEC550 /* libfmt.a in Frameworks */,
				3B6E469123A7AA2600EEC550 /* OpenGL.framework in Frameworks */,
				3B6E467723A79B7B00EEC550 /* libglfw.dylib in Frameworks */,
				3B6E469223A7AA2B00EEC550 /* GLUT.framework in Frameworks */,
				3B6E467D23A79BB100EEC550 /* libOpenMeshCore.a in Frameworks */,
			);
			runOnlyForDeploymentPostprocessing = 0;
		};
/* End PBXFrameworksBuildPhase section */

/* Begin PBXGroup section */
		3B61A9A723A713E800F98A6B = {
			isa = PBXGroup;
			children = (
				3B6E469F23A7E1FC00EEC550 /* vendor */,
				3B6E468723A79EE400EEC550 /* helper */,
				3BA353B023A77870009A6709 /* res */,
				3B61A9B223A713E800F98A6B /* opengl-bunny */,
				3B61A9B123A713E800F98A6B /* Products */,
				3B61A9BA23A7142400F98A6B /* Frameworks */,
			);
			sourceTree = "<group>";
		};
		3B61A9B123A713E800F98A6B /* Products */ = {
			isa = PBXGroup;
			children = (
				3B61A9B023A713E800F98A6B /* opengl-bunny */,
			);
			name = Products;
			sourceTree = "<group>";
		};
		3B61A9B223A713E800F98A6B /* opengl-bunny */ = {
			isa = PBXGroup;
			children = (
				3B61A9B323A713E900F98A6B /* main.cpp */,
				3B61A9C323A7158300F98A6B /* test-env.cpp */,
				3BA353B523A77B6B009A6709 /* test-openmesh.cpp */,
			);
			path = "opengl-bunny";
			sourceTree = "<group>";
		};
		3B61A9BA23A7142400F98A6B /* Frameworks */ = {
			isa = PBXGroup;
			children = (
				3B6E467C23A79BAE00EEC550 /* libOpenMeshCore.a */,
				3B6E467A23A79B9500EEC550 /* libfmt.a */,
				3B6E467623A79B7B00EEC550 /* libglfw.dylib */,
				3B6E467323A7838A00EEC550 /* libfmt.a */,
				3B61A9C523A75C9500F98A6B /* libglfw.3.3.dylib */,
				3B61A9C123A7149C00F98A6B /* libOpenMeshCore.a */,
				3B61A9BF23A7147C00F98A6B /* libOpenMeshCore.8.0.dylib */,
				3B61A9BD23A7142D00F98A6B /* GLUT.framework */,
				3B61A9BB23A7142400F98A6B /* OpenGL.framework */,
			);
			name = Frameworks;
			sourceTree = "<group>";
		};
		3B6E468723A79EE400EEC550 /* helper */ = {
			isa = PBXGroup;
			children = (
				3B6E468823A79EF200EEC550 /* Utils.cpp */,
				3B6E468923A79EF200EEC550 /* Utils.hpp */,
				3B6E468B23A7A03A00EEC550 /* VertexBuffer.cpp */,
				3B6E468C23A7A03A00EEC550 /* VertexBuffer.hpp */,
				3B6E468E23A7A31F00EEC550 /* IndexBuffer.cpp */,
				3B6E468F23A7A31F00EEC550 /* IndexBuffer.hpp */,
				3B6E469323A7B9A000EEC550 /* VertexArray.cpp */,
				3B6E469423A7B9A000EEC550 /* VertexArray.hpp */,
				3B6E469623A7BA6400EEC550 /* VertexBufferLayout.cpp */,
				3B6E469723A7BA6400EEC550 /* VertexBufferLayout.hpp */,
				3B6E469923A7C83D00EEC550 /* Shader.cpp */,
				3B6E469A23A7C83D00EEC550 /* Shader.hpp */,
				3B6E469C23A7DA5F00EEC550 /* Renderer.cpp */,
				3B6E469D23A7DA5F00EEC550 /* Renderer.hpp */,
				3B6E46A523A7E31800EEC550 /* Texture.cpp */,
				3B6E46A623A7E31800EEC550 /* Texture.hpp */,
			);
			path = helper;
			sourceTree = "<group>";
		};
		3B6E469F23A7E1FC00EEC550 /* vendor */ = {
			isa = PBXGroup;
			children = (
				3B6E46A123A7E23300EEC550 /* glad.c */,
				3B6E46A323A7E2A200EEC550 /* stb_image.c */,
				3B6E46A023A7E21600EEC550 /* stb_image.h */,
			);
			path = vendor;
			sourceTree = "<group>";
		};
		3BA353B023A77870009A6709 /* res */ = {
			isa = PBXGroup;
			children = (
				3BA353B423A77A7E009A6709 /* object */,
				3BA353B223A7787F009A6709 /* texture */,
				3BA353B123A77876009A6709 /* shader */,
			);
			path = res;
			sourceTree = "<group>";
		};
		3BA353B123A77876009A6709 /* shader */ = {
			isa = PBXGroup;
			children = (
				3BA353B323A7789D009A6709 /* basic.shader */,
			);
			path = shader;
			sourceTree = "<group>";
		};
		3BA353B223A7787F009A6709 /* texture */ = {
			isa = PBXGroup;
			children = (
			);
			path = texture;
			sourceTree = "<group>";
		};
		3BA353B423A77A7E009A6709 /* object */ = {
			isa = PBXGroup;
			children = (
			);
			path = object;
			sourceTree = "<group>";
		};
/* End PBXGroup section */

/* Begin PBXNativeTarget section */
		3B61A9AF23A713E800F98A6B /* opengl-bunny */ = {
			isa = PBXNativeTarget;
			buildConfigurationList = 3B61A9B723A713E900F98A6B /* Build configuration list for PBXNativeTarget "opengl-bunny" */;
			buildPhases = (
				3B61A9AC23A713E800F98A6B /* Sources */,
				3B61A9AD23A713E800F98A6B /* Frameworks */,
				3B61A9AE23A713E800F98A6B /* CopyFiles */,
			);
			buildRules = (
			);
			dependencies = (
			);
			name = "opengl-bunny";
			productName = "opengl-bunny";
			productReference = 3B61A9B023A713E800F98A6B /* opengl-bunny */;
			productType = "com.apple.product-type.tool";
		};
/* End PBXNativeTarget section */

/* Begin PBXProject section */
		3B61A9A823A713E800F98A6B /* Project object */ = {
			isa = PBXProject;
			attributes = {
				LastUpgradeCheck = 1130;
				ORGANIZATIONNAME = vtta;
				TargetAttributes = {
					3B61A9AF23A713E800F98A6B = {
						CreatedOnToolsVersion = 11.3;
					};
				};
			};
			buildConfigurationList = 3B61A9AB23A713E800F98A6B /* Build configuration list for PBXProject "opengl-bunny" */;
			compatibilityVersion = "Xcode 9.3";
			developmentRegion = en;
			hasScannedForEncodings = 0;
			knownRegions = (
				en,
				Base,
			);
			mainGroup = 3B61A9A723A713E800F98A6B;
			productRefGroup = 3B61A9B123A713E800F98A6B /* Products */;
			projectDirPath = "";
			projectRoot = "";
			targets = (
				3B61A9AF23A713E800F98A6B /* opengl-bunny */,
			);
		};
/* End PBXProject section */

/* Begin PBXSourcesBuildPhase section */
		3B61A9AC23A713E800F98A6B /* Sources */ = {
			isa = PBXSourcesBuildPhase;
			buildActionMask = 2147483647;
			files = (
				3B61A9B423A713E900F98A6B /* main.cpp in Sources */,
				3B61A9C423A7158300F98A6B /* test-env.cpp in Sources */,
				3BA353B623A77B6B009A6709 /* test-openmesh.cpp in Sources */,
				3B6E468A23A79EF200EEC550 /* Utils.cpp in Sources */,
				3B6E469E23A7DA5F00EEC550 /* Renderer.cpp in Sources */,
				3B6E46A723A7E31800EEC550 /* Texture.cpp in Sources */,
				3B6E469B23A7C83D00EEC550 /* Shader.cpp in Sources */,
				3B6E469823A7BA6400EEC550 /* VertexBufferLayout.cpp in Sources */,
				3B6E469023A7A31F00EEC550 /* IndexBuffer.cpp in Sources */,
				3B6E469523A7B9A000EEC550 /* VertexArray.cpp in Sources */,
				3B6E468D23A7A03A00EEC550 /* VertexBuffer.cpp in Sources */,
				3B6E46A223A7E23300EEC550 /* glad.c in Sources */,
				3B6E46A423A7E2A200EEC550 /* stb_image.c in Sources */,
			);
			runOnlyForDeploymentPostprocessing = 0;
		};
/* End PBXSourcesBuildPhase section */

/* Begin XCBuildConfiguration section */
		3B61A9B523A713E900F98A6B /* Debug */ = {
			isa = XCBuildConfiguration;
			buildSettings = {
				ALWAYS_SEARCH_USER_PATHS = NO;
				CLANG_ANALYZER_NONNULL = YES;
				CLANG_ANALYZER_NUMBER_OBJECT_CONVERSION = YES_AGGRESSIVE;
				CLANG_CXX_LANGUAGE_STANDARD = "gnu++14";
				CLANG_CXX_LIBRARY = "libc++";
				CLANG_ENABLE_MODULES = YES;
				CLANG_ENABLE_OBJC_ARC = YES;
				CLANG_ENABLE_OBJC_WEAK = YES;
				CLANG_WARN_BLOCK_CAPTURE_AUTORELEASING = YES;
				CLANG_WARN_BOOL_CONVERSION = YES;
				CLANG_WARN_COMMA = YES;
				CLANG_WARN_CONSTANT_CONVERSION = YES;
				CLANG_WARN_DEPRECATED_OBJC_IMPLEMENTATIONS = YES;
				CLANG_WARN_DIRECT_OBJC_ISA_USAGE = YES_ERROR;
				CLANG_WARN_DOCUMENTATION_COMMENTS = YES;
				CLANG_WARN_EMPTY_BODY = YES;
				CLANG_WARN_ENUM_CONVERSION = YES;
				CLANG_WARN_INFINITE_RECURSION = YES;
				CLANG_WARN_INT_CONVERSION = YES;
				CLANG_WARN_NON_LITERAL_NULL_CONVERSION = YES;
				CLANG_WARN_OBJC_IMPLICIT_RETAIN_SELF = YES;
				CLANG_WARN_OBJC_LITERAL_CONVERSION = YES;
				CLANG_WARN_OBJC_ROOT_CLASS = YES_ERROR;
				CLANG_WARN_RANGE_LOOP_ANALYSIS = YES;
				CLANG_WARN_STRICT_PROTOTYPES = YES;
				CLANG_WARN_SUSPICIOUS_MOVE = YES;
				CLANG_WARN_UNGUARDED_AVAILABILITY = YES_AGGRESSIVE;
				CLANG_WARN_UNREACHABLE_CODE = YES;
				CLANG_WARN__DUPLICATE_METHOD_MATCH = YES;
				COPY_PHASE_STRIP = NO;
				DEBUG_INFORMATION_FORMAT = dwarf;
				ENABLE_STRICT_OBJC_MSGSEND = YES;
				ENABLE_TESTABILITY = YES;
				GCC_C_LANGUAGE_STANDARD = gnu11;
				GCC_DYNAMIC_NO_PIC = NO;
				GCC_NO_COMMON_BLOCKS = YES;
				GCC_OPTIMIZATION_LEVEL = 0;
				GCC_PREPROCESSOR_DEFINITIONS = (
					"DEBUG=1",
					"$(inherited)",
				);
				GCC_WARN_64_TO_32_BIT_CONVERSION = YES;
				GCC_WARN_ABOUT_RETURN_TYPE = YES_ERROR;
				GCC_WARN_UNDECLARED_SELECTOR = YES;
				GCC_WARN_UNINITIALIZED_AUTOS = YES_AGGRESSIVE;
				GCC_WARN_UNUSED_FUNCTION = YES;
				GCC_WARN_UNUSED_VARIABLE = YES;
				MACOSX_DEPLOYMENT_TARGET = 10.15;
				MTL_ENABLE_DEBUG_INFO = INCLUDE_SOURCE;
				MTL_FAST_MATH = YES;
				ONLY_ACTIVE_ARCH = YES;
				SDKROOT = macosx;
			};
			name = Debug;
		};
		3B61A9B623A713E900F98A6B /* Release */ = {
			isa = XCBuildConfiguration;
			buildSettings = {
				ALWAYS_SEARCH_USER_PATHS = NO;
				CLANG_ANALYZER_NONNULL = YES;
				CLANG_ANALYZER_NUMBER_OBJECT_CONVERSION = YES_AGGRESSIVE;
				CLANG_CXX_LANGUAGE_STANDARD = "gnu++14";
				CLANG_CXX_LIBRARY = "libc++";
				CLANG_ENABLE_MODULES = YES;
				CLANG_ENABLE_OBJC_ARC = YES;
				CLANG_ENABLE_OBJC_WEAK = YES;
				CLANG_WARN_BLOCK_CAPTURE_AUTORELEASING = YES;
				CLANG_WARN_BOOL_CONVERSION = YES;
				CLANG_WARN_COMMA = YES;
				CLANG_WARN_CONSTANT_CONVERSION = YES;
				CLANG_WARN_DEPRECATED_OBJC_IMPLEMENTATIONS = YES;
				CLANG_WARN_DIRECT_OBJC_ISA_USAGE = YES_ERROR;
				CLANG_WARN_DOCUMENTATION_COMMENTS = YES;
				CLANG_WARN_EMPTY_BODY = YES;
				CLANG_WARN_ENUM_CONVERSION = YES;
				CLANG_WARN_INFINITE_RECURSION = YES;
				CLANG_WARN_INT_CONVERSION = YES;
				CLANG_WARN_NON_LITERAL_NULL_CONVERSION = YES;
				CLANG_WARN_OBJC_IMPLICIT_RETAIN_SELF = YES;
				CLANG_WARN_OBJC_LITERAL_CONVERSION = YES;
				CLANG_WARN_OBJC_ROOT_CLASS = YES_ERROR;
				CLANG_WARN_RANGE_LOOP_ANALYSIS = YES;
				CLANG_WARN_STRICT_PROTOTYPES = YES;
				CLANG_WARN_SUSPICIOUS_MOVE = YES;
				CLANG_WARN_UNGUARDED_AVAILABILITY = YES_AGGRESSIVE;
				CLANG_WARN_UNREACHABLE_CODE = YES;
				CLANG_WARN__DUPLICATE_METHOD_MATCH = YES;
				COPY_PHASE_STRIP = NO;
				DEBUG_INFORMATION_FORMAT = "dwarf-with-dsym";
				ENABLE_NS_ASSERTIONS = NO;
				ENABLE_STRICT_OBJC_MSGSEND = YES;
				GCC_C_LANGUAGE_STANDARD = gnu11;
				GCC_NO_COMMON_BLOCKS = YES;
				GCC_WARN_64_TO_32_BIT_CONVERSION = YES;
				GCC_WARN_ABOUT_RETURN_TYPE = YES_ERROR;
				GCC_WARN_UNDECLARED_SELECTOR = YES;
				GCC_WARN_UNINITIALIZED_AUTOS = YES_AGGRESSIVE;
				GCC_WARN_UNUSED_FUNCTION = YES;
				GCC_WARN_UNUSED_VARIABLE = YES;
				MACOSX_DEPLOYMENT_TARGET = 10.15;
				MTL_ENABLE_DEBUG_INFO = NO;
				MTL_FAST_MATH = YES;
				SDKROOT = macosx;
			};
			name = Release;
		};
		3B61A9B823A713E900F98A6B /* Debug */ = {
			isa = XCBuildConfiguration;
			buildSettings = {
				CLANG_CXX_LANGUAGE_STANDARD = "c++17";
				CLANG_WARN_DOCUMENTATION_COMMENTS = NO;
				CODE_SIGN_STYLE = Automatic;
				HEADER_SEARCH_PATHS = (
					/Users/vtta/Garage/glad/include,
					/usr/local/include,
				);
				LIBRARY_SEARCH_PATHS = (
					/usr/local/lib,
					"$(inherited)",
				);
				PRODUCT_NAME = "$(TARGET_NAME)";
			};
			name = Debug;
		};
		3B61A9B923A713E900F98A6B /* Release */ = {
			isa = XCBuildConfiguration;
			buildSettings = {
				CLANG_CXX_LANGUAGE_STANDARD = "c++17";
				CLANG_WARN_DOCUMENTATION_COMMENTS = NO;
				CODE_SIGN_STYLE = Automatic;
				ENABLE_NS_ASSERTIONS = NO;
				HEADER_SEARCH_PATHS = (
					/Users/vtta/Garage/glad/include,
					/usr/local/include,
				);
				LIBRARY_SEARCH_PATHS = (
					/usr/local/lib,
					"$(inherited)",
				);
				PRODUCT_NAME = "$(TARGET_NAME)";
			};
			name = Release;
		};
/* End XCBuildConfiguration section */

/* Begin XCConfigurationList section */
		3B61A9AB23A713E800F98A6B /* Build configuration list for PBXProject "opengl-bunny" */ = {
			isa = XCConfigurationList;
			buildConfigurations = (
				3B61A9B523A713E900F98A6B /* Debug */,
				3B61A9B623A713E900F98A6B /* Release */,
			);
			defaultConfigurationIsVisible = 0;
			defaultConfigurationName = Release;
		};
		3B61A9B723A713E900F98A6B /* Build configuration list for PBXNativeTarget "opengl-bunny" */ = {
			isa = XCConfigurationList;
			buildConfigurations = (
				3B61A9B823A713E900F98A6B /* Debug */,
				3B61A9B923A713E900F98A6B /* Release */,
			);
			defaultConfigurationIsVisible = 0;
			defaultConfigurationName = Release;
		};
/* End XCConfigurationList section */
	};
	rootObject = 3B61A9A823A713E800F98A6B /* Project object */;
}
